
Microsoft Visual Studio Solution File, Format Version 12.00
# Visual Studio Version 17
VisualStudioVersion = 17.2.32630.192
MinimumVisualStudioVersion = 10.0.40219.1
Project("{9A19103F-16F7-4668-BE54-9A1E7A4F7556}") = "PPI_projektas", "PPI-projektas\PPI_projektas.csproj", "{8973FB80-3336-48C6-9E85-82BA134676D4}"
EndProject
Project("{FAE04EC0-301F-11D3-BF4B-00C04F79EFBC}") = "PPI_projektas.IntegrationTests", "PPI-projektas.IntegrationTests\PPI_projektas.IntegrationTests.csproj", "{60CBA446-533F-4192-97D1-9D234ABFA52E}"
	ProjectSection(ProjectDependencies) = postProject
		{8973FB80-3336-48C6-9E85-82BA134676D4} = {8973FB80-3336-48C6-9E85-82BA134676D4}
	EndProjectSection
EndProject
Project("{FAE04EC0-301F-11D3-BF4B-00C04F79EFBC}") = "PPI_projektas.UnitTests", "PPI_projektas.UnitTests\PPI_projektas.UnitTests.csproj", "{989F6AAB-C4F3-4774-8F67-71F457A9C5BE}"
EndProject
Global
	GlobalSection(SolutionConfigurationPlatforms) = preSolution
		Debug|Any CPU = Debug|Any CPU
		Release|Any CPU = Release|Any CPU
	EndGlobalSection
	GlobalSection(ProjectConfigurationPlatforms) = postSolution
		{8973FB80-3336-48C6-9E85-82BA134676D4}.Debug|Any CPU.ActiveCfg = Debug|Any CPU
		{8973FB80-3336-48C6-9E85-82BA134676D4}.Debug|Any CPU.Build.0 = Debug|Any CPU
		{8973FB80-3336-48C6-9E85-82BA134676D4}.Release|Any CPU.ActiveCfg = Release|Any CPU
		{8973FB80-3336-48C6-9E85-82BA134676D4}.Release|Any CPU.Build.0 = Release|Any CPU
		{60CBA446-533F-4192-97D1-9D234ABFA52E}.Debug|Any CPU.ActiveCfg = Debug|Any CPU
		{60CBA446-533F-4192-97D1-9D234ABFA52E}.Debug|Any CPU.Build.0 = Debug|Any CPU
		{60CBA446-533F-4192-97D1-9D234ABFA52E}.Release|Any CPU.ActiveCfg = Release|Any CPU
		{60CBA446-533F-4192-97D1-9D234ABFA52E}.Release|Any CPU.Build.0 = Release|Any CPU
		{989F6AAB-C4F3-4774-8F67-71F457A9C5BE}.Debug|Any CPU.ActiveCfg = Debug|Any CPU
		{989F6AAB-C4F3-4774-8F67-71F457A9C5BE}.Debug|Any CPU.Build.0 = Debug|Any CPU
		{989F6AAB-C4F3-4774-8F67-71F457A9C5BE}.Release|Any CPU.ActiveCfg = Release|Any CPU
		{989F6AAB-C4F3-4774-8F67-71F457A9C5BE}.Release|Any CPU.Build.0 = Release|Any CPU
	EndGlobalSection
	GlobalSection(SolutionProperties) = preSolution
		HideSolutionNode = FALSE
	EndGlobalSection
	GlobalSection(ExtensibilityGlobals) = postSolution
		SolutionGuid = {E6E1EA2B-7F17-4157-891B-36CC70819956}
	EndGlobalSection
EndGlobal
